
Microsoft Visual Studio Solution File, Format Version 12.00
# Visual Studio Version 17
VisualStudioVersion = 17.8.34511.84
MinimumVisualStudioVersion = 10.0.40219.1
Project("{FAE04EC0-301F-11D3-BF4B-00C04F79EFBC}") = "sistema", "sistema.csproj", "{7CD24D39-7107-4C64-AE50-C200100933A7}"
EndProject
Global
	GlobalSection(SolutionConfigurationPlatforms) = preSolution
		Debug|Any CPU = Debug|Any CPU
		Release|Any CPU = Release|Any CPU
	EndGlobalSection
	GlobalSection(ProjectConfigurationPlatforms) = postSolution
		{7CD24D39-7107-4C64-AE50-C200100933A7}.Debug|Any CPU.ActiveCfg = Debug|Any CPU
		{7CD24D39-7107-4C64-AE50-C200100933A7}.Debug|Any CPU.Build.0 = Debug|Any CPU
		{7CD24D39-7107-4C64-AE50-C200100933A7}.Release|Any CPU.ActiveCfg = Release|Any CPU
		{7CD24D39-7107-4C64-AE50-C200100933A7}.Release|Any CPU.Build.0 = Release|Any CPU
	EndGlobalSection
	GlobalSection(SolutionProperties) = preSolution
		HideSolutionNode = FALSE
	EndGlobalSection
	GlobalSection(ExtensibilityGlobals) = postSolution
		SolutionGuid = {36A3CD93-31E4-49F6-891E-42053EAEA524}
	EndGlobalSection
EndGlobal
